version = 1
revision = 5
requires-python = ">=3.15"

[manifest]
members = [
    "usb-whitelist-guard",
    "usb-whitelist-guard-core",
    "usb-whitelist-guard-gui",
    "usb-whitelist-guard-monitor",
]

[[package]]
name = "pyudev"
version = "0.24.5"
source = { registry = "https://pypi.org/simple" }
sdist = { url = "https://files.pythonhosted.org/packages/6a/45/770eda636216c62be4a06af01c7235923ca0580d72fd3e3178fb01b3ae01/pyudev-0.24.5.tar.gz", hash = "sha256:4e7faaec419b81a902d057568101819f448972c0cf448bb9c22203e4fc6a8eb9", size = 55343, upload-time = "2026-09-28T16:36:14.53Z" }
wheels = [
    { url = "https://files.pythonhosted.org/packages/5f/56/0baea14a1c772ce3df2c5d3a57802b31bcdee555f11dc8d18d23a927d14f/pyudev-0.24.5-py3-none-any.whl", hash = "sha256:a9c62d04a83472fb05ad5e014ef85933e5cf2fef193caf8b77bb7a9e8ded4812", size = 60467, upload-time = "2026-09-28T16:36:13.328Z" },
]

[[package]]
name = "pywin32"
version = "312"
source = { registry = "https://pypi.org/simple" }
wheels = [
    { url = "https://files.pythonhosted.org/packages/eb/61/caa39686032d2ebdd04ff0ab5cbe163126c0066d98e00c9018646e42393b/pywin32-312-cp315-cp315-win32.whl", hash = "sha256:5c1fbe4a937a73ae9297384a3da38518cbc694c68ad8a809b2e19acd350f03ed", size = 6471159, upload-time = "2026-06-04T07:49:50.035Z" },
    { url = "https://files.pythonhosted.org/packages/0f/cd/7e1de64a4a6f69c04214169657ccab0d93a670ea50e35eb8f489d7378249/pywin32-312-cp315-cp315-win_amd64.whl", hash = "sha256:c2f03a0f73f804a13c2735b99392b0cd426bb4f2c4d0178e5ac966a0f21618d5", size = 7025293, upload-time = "2026-06-04T07:49:54.857Z" },
    { url = "https://files.pythonhosted.org/packages/23/ed/4532e9388e65fa16b46776ef47ad631a64eda1631884488af707666350ed/pywin32-312-cp315-cp315-win_arm64.whl", hash = "sha256:a8597d28f267b39074aef51fa593530082b39cbe5a074226096857b1fed2dfb9", size = 6840337, upload-time = "2026-06-04T07:49:57.531Z" },
]

[[package]]
name = "usb-whitelist-guard"
version = "0.1.0"
source = { virtual = "." }

[[package]]
name = "usb-whitelist-guard-core"
version = "0.1.0"
source = { editable = "packages/core" }

[[package]]
name = "usb-whitelist-guard-gui"
version = "0.1.0"
source = { editable = "apps/gui" }
dependencies = [
    { name = "usb-whitelist-guard-core" },
]

[package.metadata]
requires-dist = [{ name = "usb-whitelist-guard-core", editable = "packages/core" }]

[[package]]
name = "usb-whitelist-guard-monitor"
version = "0.1.0"
source = { editable = "apps/monitor" }
dependencies = [
    { name = "pyudev", marker = "sys_platform == 'linux'" },
    { name = "usb-whitelist-guard-core" },
    { name = "wmi", marker = "sys_platform == 'win32'" },
]

[package.metadata]
requires-dist = [
    { name = "pyudev", marker = "sys_platform == 'linux'", specifier = ">=0.24.5" },
    { name = "usb-whitelist-guard-core", editable = "packages/core" },
    { name = "wmi", marker = "sys_platform == 'win32'", specifier = ">=1.5.1" },
]

[[package]]
name = "wmi"
version = "1.5.1"
source = { registry = "https://pypi.org/simple" }
dependencies = [
    { name = "pywin32" },
]
sdist = { url = "https://files.pythonhosted.org/packages/d4/66/6364deb0a03415f96c66803d8c4379f808f2401da3bdb183348487b10510/WMI-1.5.1.tar.gz", hash = "sha256:b6a6be5711b1b6c8d55bda7a8befd75c48c12b770b9d227d31c1737dbf0d40a6", size = 26254, upload-time = "2020-04-28T08:22:58.096Z" }
wheels = [
    { url = "https://files.pythonhosted.org/packages/ee/b9/a80d1ed4d115dac8e2ac08d16af046a77ab58e3d186e22395bf2add24090/WMI-1.5.1-py2.py3-none-any.whl", hash = "sha256:1d6b085e5c445141c475476000b661f60fff1aaa19f76bf82b7abb92e0ff4942", size = 28912, upload-time = "2020-04-28T08:22:56.055Z" },
]
